
Microsoft Visual Studio Solution File, Format Version 11.00
# Visual Studio 2010
Project("{8BC9CEB8-8B4A-11D0-8D11-00A0C91BC942}") = "frobnicator", "frobnicator.vcxproj", "{3BDE7EC0-6EDB-440F-93EB-47E65B466BB3}"
	ProjectSection(ProjectDependencies) = postProject
		{03464923-9E0B-489B-AB97-874E98B255C9} = {03464923-9E0B-489B-AB97-874E98B255C9}
	EndProjectSection
EndProject
Project("{8BC9CEB8-8B4A-11D0-8D11-00A0C91BC942}") = "yaml", "yaml.vcxproj", "{03464923-9E0B-489B-AB97-874E98B255C9}"
EndProject
Global
	GlobalSection(SolutionConfigurationPlatforms) = preSolution
		Debug|Win32 = Debug|Win32
		Release|Win32 = Release|Win32
	EndGlobalSection
	GlobalSection(ProjectConfigurationPlatforms) = postSolution
		{3BDE7EC0-6EDB-440F-93EB-47E65B466BB3}.Debug|Win32.ActiveCfg = Debug|Win32
		{3BDE7EC0-6EDB-440F-93EB-47E65B466BB3}.Debug|Win32.Build.0 = Debug|Win32
		{3BDE7EC0-6EDB-440F-93EB-47E65B466BB3}.Release|Win32.ActiveCfg = Release|Win32
		{3BDE7EC0-6EDB-440F-93EB-47E65B466BB3}.Release|Win32.Build.0 = Release|Win32
		{03464923-9E0B-489B-AB97-874E98B255C9}.Debug|Win32.ActiveCfg = Debug|Win32
		{03464923-9E0B-489B-AB97-874E98B255C9}.Debug|Win32.Build.0 = Debug|Win32
		{03464923-9E0B-489B-AB97-874E98B255C9}.Release|Win32.ActiveCfg = Release|Win32
		{03464923-9E0B-489B-AB97-874E98B255C9}.Release|Win32.Build.0 = Release|Win32
	EndGlobalSection
	GlobalSection(SolutionProperties) = preSolution
		HideSolutionNode = FALSE
	EndGlobalSection
EndGlobal
